
Microsoft Visual Studio Solution File, Format Version 12.00
# Visual Studio 15
VisualStudioVersion = 15.0.28307.136
MinimumVisualStudioVersion = 10.0.40219.1
Project("{2150E333-8FDC-42A3-9474-1A3956D46DE8}") = "Common", "Common", "{D4D9A315-0CC3-4929-817A-ED4E40C65442}"
EndProject
Project("{2150E333-8FDC-42A3-9474-1A3956D46DE8}") = "MicroServices", "MicroServices", "{7F77526F-1F0B-4728-A877-49D314A5B46A}"
EndProject
Project("{2150E333-8FDC-42A3-9474-1A3956D46DE8}") = "Integration.Tests", "Integration.Tests", "{FE3B4FD0-91DE-4841-8944-910577947F78}"
EndProject
Project("{2150E333-8FDC-42A3-9474-1A3956D46DE8}") = "Core.Service", "Core.Service", "{ADB70408-56BF-4361-835D-A7FFAC98F7A2}"
EndProject
Project("{2150E333-8FDC-42A3-9474-1A3956D46DE8}") = "Essence.Communication.Service", "Essence.Communication.Service", "{E451E294-C0AA-41DB-A6CD-5CC29524F7CD}"
EndProject
Project("{9A19103F-16F7-4668-BE54-9A1E7A4F7556}") = "Common.Library", "Common\Common.Library\Common.Library.csproj", "{1CF40124-E9A4-4828-B7DD-74B803DFBFAC}"
EndProject
Project("{9A19103F-16F7-4668-BE54-9A1E7A4F7556}") = "Services.Utils", "MicroServices\Services.Utils\Services.Utils.csproj", "{A8C6765E-830E-4959-B51F-B751D3EFDDE3}"
EndProject
Project("{9A19103F-16F7-4668-BE54-9A1E7A4F7556}") = "Essence.Communication.Models", "MicroServices\Essence.Communication.Service\Essence.Communication.Models\Essence.Communication.Models.csproj", "{54356EA7-57F7-4A3F-8FD7-2BDA5E9020B4}"
EndProject
Project("{9A19103F-16F7-4668-BE54-9A1E7A4F7556}") = "Essence.Communication.BusinessServices", "MicroServices\Essence.Communication.Service\Essence.Communication.BusinessServices\Essence.Communication.BusinessServices.csproj", "{9FC5477B-9DCA-4D51-AEC8-E51F7F687106}"
EndProject
Project("{9A19103F-16F7-4668-BE54-9A1E7A4F7556}") = "Essence.Communication.Api", "MicroServices\Essence.Communication.Service\Essence.Communication.Api\Essence.Communication.Api.csproj", "{58C8F62C-94CF-437F-8D1F-9008ABA02962}"
EndProject
Project("{9A19103F-16F7-4668-BE54-9A1E7A4F7556}") = "Essence.Communication.UnitTests", "MicroServices\Essence.Communication.Service\Essence.Communication.UnitTests\Essence.Communication.UnitTests.csproj", "{06A6E425-ECDB-4FCD-8097-D1AD79B873E2}"
EndProject
Project("{E53339B2-1760-4266-BCC7-CA923CBCF16C}") = "docker-compose", "docker-compose.dcproj", "{F26479B7-0023-463A-9E6B-22DEB9B3BD56}"
EndProject
Project("{9A19103F-16F7-4668-BE54-9A1E7A4F7556}") = "Core.Service.Api", "MicroServices\Core.Service\Core.Service.Api\Core.Service.Api.csproj", "{866FF407-685B-4605-A045-E565345AB943}"
EndProject
Project("{2150E333-8FDC-42A3-9474-1A3956D46DE8}") = "Messaging", "Messaging", "{DAEB6068-6909-4062-B463-71D5C1586067}"
EndProject
Project("{2150E333-8FDC-42A3-9474-1A3956D46DE8}") = "BuildingBlocks", "BuildingBlocks", "{A80BB591-DC4E-4F5B-80B4-D1B9AE19BA62}"
EndProject
Project("{9A19103F-16F7-4668-BE54-9A1E7A4F7556}") = "BuildingBlocks.EventBus", "Messaging\BuildingBlocks\BuildingBlocks.EventBus\BuildingBlocks.EventBus.csproj", "{A0580361-18C8-42EE-A487-9EB5A878F92F}"
EndProject
Project("{9A19103F-16F7-4668-BE54-9A1E7A4F7556}") = "BuildingBlocks.EventBus.MessageQueue", "Messaging\BuildingBlocks\BuildingBlocks.EventBus.MessageQueue\BuildingBlocks.EventBus.MessageQueue.csproj", "{AC9573EB-131C-449C-B482-D580708FF7CD}"
EndProject
Project("{2150E333-8FDC-42A3-9474-1A3956D46DE8}") = "Identity.Management.Service", "Identity.Management.Service", "{3F95D345-7987-469A-A267-E6A52F82D670}"
EndProject
Project("{9A19103F-16F7-4668-BE54-9A1E7A4F7556}") = "Identity.Management.Api", "MicroServices\Identity.Management.Service\Identity.Management.Api\Identity.Management.Api.csproj", "{A4E5FF13-64C3-4B11-AB40-771AB62A4ED1}"
EndProject
Project("{2150E333-8FDC-42A3-9474-1A3956D46DE8}") = "Services.Utilities", "Services.Utilities", "{1EDD5B11-CF8B-46CB-A1A0-D9903C06DD58}"
EndProject
Project("{9A19103F-16F7-4668-BE54-9A1E7A4F7556}") = "Services.Utilities.Common", "MicroServices\Services.Utilities\Services.Utilities.Common\Services.Utilities.Common.csproj", "{B9C19DEA-A876-48DB-A71E-21F017E30625}"
EndProject
Project("{9A19103F-16F7-4668-BE54-9A1E7A4F7556}") = "Services.Utilities.DataAccess", "MicroServices\Services.Utilities\Services.Utilities.DataAccess\Services.Utilities.DataAccess.csproj", "{FDE041CF-E8EA-4491-9A73-22D485092B16}"
EndProject
Project("{9A19103F-16F7-4668-BE54-9A1E7A4F7556}") = "Essence.Communication.DbContexts", "MicroServices\Essence.Communication.Service\Essence.Communication.DbContexts\Essence.Communication.DbContexts.csproj", "{065B1312-2119-434B-9CF0-53139C291D65}"
EndProject
Project("{FAE04EC0-301F-11D3-BF4B-00C04F79EFBC}") = "Services.Utilities.UnitTests", "..\Services.Utilities.UnitTests\Services.Utilities.UnitTests.csproj", "{975BB453-6ACB-4E57-97E8-C7CB93DAF3AA}"
EndProject
Global
	GlobalSection(SolutionConfigurationPlatforms) = preSolution
		Debug|Any CPU = Debug|Any CPU
		Release|Any CPU = Release|Any CPU
	EndGlobalSection
	GlobalSection(ProjectConfigurationPlatforms) = postSolution
		{1CF40124-E9A4-4828-B7DD-74B803DFBFAC}.Debug|Any CPU.ActiveCfg = Debug|Any CPU
		{1CF40124-E9A4-4828-B7DD-74B803DFBFAC}.Debug|Any CPU.Build.0 = Debug|Any CPU
		{1CF40124-E9A4-4828-B7DD-74B803DFBFAC}.Release|Any CPU.ActiveCfg = Release|Any CPU
		{1CF40124-E9A4-4828-B7DD-74B803DFBFAC}.Release|Any CPU.Build.0 = Release|Any CPU
		{A8C6765E-830E-4959-B51F-B751D3EFDDE3}.Debug|Any CPU.ActiveCfg = Debug|Any CPU
		{A8C6765E-830E-4959-B51F-B751D3EFDDE3}.Debug|Any CPU.Build.0 = Debug|Any CPU
		{A8C6765E-830E-4959-B51F-B751D3EFDDE3}.Release|Any CPU.ActiveCfg = Release|Any CPU
		{A8C6765E-830E-4959-B51F-B751D3EFDDE3}.Release|Any CPU.Build.0 = Release|Any CPU
		{54356EA7-57F7-4A3F-8FD7-2BDA5E9020B4}.Debug|Any CPU.ActiveCfg = Debug|Any CPU
		{54356EA7-57F7-4A3F-8FD7-2BDA5E9020B4}.Debug|Any CPU.Build.0 = Debug|Any CPU
		{54356EA7-57F7-4A3F-8FD7-2BDA5E9020B4}.Release|Any CPU.ActiveCfg = Release|Any CPU
		{54356EA7-57F7-4A3F-8FD7-2BDA5E9020B4}.Release|Any CPU.Build.0 = Release|Any CPU
		{9FC5477B-9DCA-4D51-AEC8-E51F7F687106}.Debug|Any CPU.ActiveCfg = Debug|Any CPU
		{9FC5477B-9DCA-4D51-AEC8-E51F7F687106}.Debug|Any CPU.Build.0 = Debug|Any CPU
		{9FC5477B-9DCA-4D51-AEC8-E51F7F687106}.Release|Any CPU.ActiveCfg = Release|Any CPU
		{9FC5477B-9DCA-4D51-AEC8-E51F7F687106}.Release|Any CPU.Build.0 = Release|Any CPU
		{58C8F62C-94CF-437F-8D1F-9008ABA02962}.Debug|Any CPU.ActiveCfg = Debug|Any CPU
		{58C8F62C-94CF-437F-8D1F-9008ABA02962}.Debug|Any CPU.Build.0 = Debug|Any CPU
		{58C8F62C-94CF-437F-8D1F-9008ABA02962}.Release|Any CPU.ActiveCfg = Release|Any CPU
		{58C8F62C-94CF-437F-8D1F-9008ABA02962}.Release|Any CPU.Build.0 = Release|Any CPU
		{06A6E425-ECDB-4FCD-8097-D1AD79B873E2}.Debug|Any CPU.ActiveCfg = Debug|Any CPU
		{06A6E425-ECDB-4FCD-8097-D1AD79B873E2}.Debug|Any CPU.Build.0 = Debug|Any CPU
		{06A6E425-ECDB-4FCD-8097-D1AD79B873E2}.Release|Any CPU.ActiveCfg = Release|Any CPU
		{06A6E425-ECDB-4FCD-8097-D1AD79B873E2}.Release|Any CPU.Build.0 = Release|Any CPU
		{F26479B7-0023-463A-9E6B-22DEB9B3BD56}.Debug|Any CPU.ActiveCfg = Debug|Any CPU
		{F26479B7-0023-463A-9E6B-22DEB9B3BD56}.Debug|Any CPU.Build.0 = Debug|Any CPU
		{F26479B7-0023-463A-9E6B-22DEB9B3BD56}.Release|Any CPU.ActiveCfg = Release|Any CPU
		{F26479B7-0023-463A-9E6B-22DEB9B3BD56}.Release|Any CPU.Build.0 = Release|Any CPU
		{866FF407-685B-4605-A045-E565345AB943}.Debug|Any CPU.ActiveCfg = Debug|Any CPU
		{866FF407-685B-4605-A045-E565345AB943}.Debug|Any CPU.Build.0 = Debug|Any CPU
		{866FF407-685B-4605-A045-E565345AB943}.Release|Any CPU.ActiveCfg = Release|Any CPU
		{866FF407-685B-4605-A045-E565345AB943}.Release|Any CPU.Build.0 = Release|Any CPU
		{A0580361-18C8-42EE-A487-9EB5A878F92F}.Debug|Any CPU.ActiveCfg = Debug|Any CPU
		{A0580361-18C8-42EE-A487-9EB5A878F92F}.Debug|Any CPU.Build.0 = Debug|Any CPU
		{A0580361-18C8-42EE-A487-9EB5A878F92F}.Release|Any CPU.ActiveCfg = Release|Any CPU
		{A0580361-18C8-42EE-A487-9EB5A878F92F}.Release|Any CPU.Build.0 = Release|Any CPU
		{AC9573EB-131C-449C-B482-D580708FF7CD}.Debug|Any CPU.ActiveCfg = Debug|Any CPU
		{AC9573EB-131C-449C-B482-D580708FF7CD}.Debug|Any CPU.Build.0 = Debug|Any CPU
		{AC9573EB-131C-449C-B482-D580708FF7CD}.Release|Any CPU.ActiveCfg = Release|Any CPU
		{AC9573EB-131C-449C-B482-D580708FF7CD}.Release|Any CPU.Build.0 = Release|Any CPU
		{A4E5FF13-64C3-4B11-AB40-771AB62A4ED1}.Debug|Any CPU.ActiveCfg = Debug|Any CPU
		{A4E5FF13-64C3-4B11-AB40-771AB62A4ED1}.Debug|Any CPU.Build.0 = Debug|Any CPU
		{A4E5FF13-64C3-4B11-AB40-771AB62A4ED1}.Release|Any CPU.ActiveCfg = Release|Any CPU
		{A4E5FF13-64C3-4B11-AB40-771AB62A4ED1}.Release|Any CPU.Build.0 = Release|Any CPU
		{B9C19DEA-A876-48DB-A71E-21F017E30625}.Debug|Any CPU.ActiveCfg = Debug|Any CPU
		{B9C19DEA-A876-48DB-A71E-21F017E30625}.Debug|Any CPU.Build.0 = Debug|Any CPU
		{B9C19DEA-A876-48DB-A71E-21F017E30625}.Release|Any CPU.ActiveCfg = Release|Any CPU
		{B9C19DEA-A876-48DB-A71E-21F017E30625}.Release|Any CPU.Build.0 = Release|Any CPU
		{FDE041CF-E8EA-4491-9A73-22D485092B16}.Debug|Any CPU.ActiveCfg = Debug|Any CPU
		{FDE041CF-E8EA-4491-9A73-22D485092B16}.Debug|Any CPU.Build.0 = Debug|Any CPU
		{FDE041CF-E8EA-4491-9A73-22D485092B16}.Release|Any CPU.ActiveCfg = Release|Any CPU
		{FDE041CF-E8EA-4491-9A73-22D485092B16}.Release|Any CPU.Build.0 = Release|Any CPU
		{065B1312-2119-434B-9CF0-53139C291D65}.Debug|Any CPU.ActiveCfg = Debug|Any CPU
		{065B1312-2119-434B-9CF0-53139C291D65}.Debug|Any CPU.Build.0 = Debug|Any CPU
		{065B1312-2119-434B-9CF0-53139C291D65}.Release|Any CPU.ActiveCfg = Release|Any CPU
		{065B1312-2119-434B-9CF0-53139C291D65}.Release|Any CPU.Build.0 = Release|Any CPU
		{975BB453-6ACB-4E57-97E8-C7CB93DAF3AA}.Debug|Any CPU.ActiveCfg = Debug|Any CPU
		{975BB453-6ACB-4E57-97E8-C7CB93DAF3AA}.Debug|Any CPU.Build.0 = Debug|Any CPU
		{975BB453-6ACB-4E57-97E8-C7CB93DAF3AA}.Release|Any CPU.ActiveCfg = Release|Any CPU
		{975BB453-6ACB-4E57-97E8-C7CB93DAF3AA}.Release|Any CPU.Build.0 = Release|Any CPU
	EndGlobalSection
	GlobalSection(SolutionProperties) = preSolution
		HideSolutionNode = FALSE
	EndGlobalSection
	GlobalSection(NestedProjects) = preSolution
		{ADB70408-56BF-4361-835D-A7FFAC98F7A2} = {7F77526F-1F0B-4728-A877-49D314A5B46A}
		{E451E294-C0AA-41DB-A6CD-5CC29524F7CD} = {7F77526F-1F0B-4728-A877-49D314A5B46A}
		{1CF40124-E9A4-4828-B7DD-74B803DFBFAC} = {D4D9A315-0CC3-4929-817A-ED4E40C65442}
		{A8C6765E-830E-4959-B51F-B751D3EFDDE3} = {7F77526F-1F0B-4728-A877-49D314A5B46A}
		{54356EA7-57F7-4A3F-8FD7-2BDA5E9020B4} = {E451E294-C0AA-41DB-A6CD-5CC29524F7CD}
		{9FC5477B-9DCA-4D51-AEC8-E51F7F687106} = {E451E294-C0AA-41DB-A6CD-5CC29524F7CD}
		{58C8F62C-94CF-437F-8D1F-9008ABA02962} = {E451E294-C0AA-41DB-A6CD-5CC29524F7CD}
		{06A6E425-ECDB-4FCD-8097-D1AD79B873E2} = {E451E294-C0AA-41DB-A6CD-5CC29524F7CD}
		{866FF407-685B-4605-A045-E565345AB943} = {ADB70408-56BF-4361-835D-A7FFAC98F7A2}
		{A80BB591-DC4E-4F5B-80B4-D1B9AE19BA62} = {DAEB6068-6909-4062-B463-71D5C1586067}
		{A0580361-18C8-42EE-A487-9EB5A878F92F} = {A80BB591-DC4E-4F5B-80B4-D1B9AE19BA62}
		{AC9573EB-131C-449C-B482-D580708FF7CD} = {A80BB591-DC4E-4F5B-80B4-D1B9AE19BA62}
		{3F95D345-7987-469A-A267-E6A52F82D670} = {7F77526F-1F0B-4728-A877-49D314A5B46A}
		{A4E5FF13-64C3-4B11-AB40-771AB62A4ED1} = {3F95D345-7987-469A-A267-E6A52F82D670}
		{1EDD5B11-CF8B-46CB-A1A0-D9903C06DD58} = {7F77526F-1F0B-4728-A877-49D314A5B46A}
		{B9C19DEA-A876-48DB-A71E-21F017E30625} = {1EDD5B11-CF8B-46CB-A1A0-D9903C06DD58}
		{FDE041CF-E8EA-4491-9A73-22D485092B16} = {1EDD5B11-CF8B-46CB-A1A0-D9903C06DD58}
		{065B1312-2119-434B-9CF0-53139C291D65} = {E451E294-C0AA-41DB-A6CD-5CC29524F7CD}
		{975BB453-6ACB-4E57-97E8-C7CB93DAF3AA} = {1EDD5B11-CF8B-46CB-A1A0-D9903C06DD58}
	EndGlobalSection
	GlobalSection(ExtensibilityGlobals) = postSolution
		SolutionGuid = {561D1396-35DE-49CA-829E-C5EFD1E4C528}
	EndGlobalSection
EndGlobal
